
Microsoft Visual Studio Solution File, Format Version 12.00
# Visual Studio Version 17
VisualStudioVersion = 17.7.34031.279
MinimumVisualStudioVersion = 10.0.40219.1
Project("{FAE04EC0-301F-11D3-BF4B-00C04F79EFBC}") = "4TPA", "4TPA\4TPA.csproj", "{C8EDA0CA-5829-40F5-906A-1217E07D9D75}"
EndProject
Global
	GlobalSection(SolutionConfigurationPlatforms) = preSolution
		Debug|Any CPU = Debug|Any CPU
		Release|Any CPU = Release|Any CPU
	EndGlobalSection
	GlobalSection(ProjectConfigurationPlatforms) = postSolution
		{C8EDA0CA-5829-40F5-906A-1217E07D9D75}.Debug|Any CPU.ActiveCfg = Debug|Any CPU
		{C8EDA0CA-5829-40F5-906A-1217E07D9D75}.Debug|Any CPU.Build.0 = Debug|Any CPU
		{C8EDA0CA-5829-40F5-906A-1217E07D9D75}.Release|Any CPU.ActiveCfg = Release|Any CPU
		{C8EDA0CA-5829-40F5-906A-1217E07D9D75}.Release|Any CPU.Build.0 = Release|Any CPU
	EndGlobalSection
	GlobalSection(SolutionProperties) = preSolution
		HideSolutionNode = FALSE
	EndGlobalSection
	GlobalSection(ExtensibilityGlobals) = postSolution
		SolutionGuid = {2888B41D-45E8-4F9E-80EB-4A864D6207B0}
	EndGlobalSection
EndGlobal
